
Microsoft Visual Studio Solution File, Format Version 12.00
# Visual Studio 15
VisualStudioVersion = 15.0.28307.421
MinimumVisualStudioVersion = 10.0.40219.1
Project("{FAE04EC0-301F-11D3-BF4B-00C04F79EFBC}") = "form.WebApp", "form.WebApp\form.WebApp.csproj", "{34700E23-6CF5-4C69-BCC5-4876FB18BD88}"
EndProject
Project("{FAE04EC0-301F-11D3-BF4B-00C04F79EFBC}") = "form.BusinessLayer", "form.BusinessLayer\form.BusinessLayer.csproj", "{948BEE00-8B94-4107-92C8-148D0079E605}"
EndProject
Project("{FAE04EC0-301F-11D3-BF4B-00C04F79EFBC}") = "form.DataAccessLayer", "from.DataAccessLayer\form.DataAccessLayer.csproj", "{BE7083CC-FF36-49A0-BE99-F3B24E45841F}"
EndProject
Project("{FAE04EC0-301F-11D3-BF4B-00C04F79EFBC}") = "form.Entities", "form.Entities\form.Entities.csproj", "{137099BE-2002-4F1F-8A8D-1FA82259896A}"
EndProject
Project("{FAE04EC0-301F-11D3-BF4B-00C04F79EFBC}") = "form.Common", "form.Common\form.Common.csproj", "{B28FE41E-01D9-44B4-8120-80F13944FE50}"
EndProject
Global
	GlobalSection(SolutionConfigurationPlatforms) = preSolution
		Debug|Any CPU = Debug|Any CPU
		Release|Any CPU = Release|Any CPU
	EndGlobalSection
	GlobalSection(ProjectConfigurationPlatforms) = postSolution
		{34700E23-6CF5-4C69-BCC5-4876FB18BD88}.Debug|Any CPU.ActiveCfg = Debug|Any CPU
		{34700E23-6CF5-4C69-BCC5-4876FB18BD88}.Debug|Any CPU.Build.0 = Debug|Any CPU
		{34700E23-6CF5-4C69-BCC5-4876FB18BD88}.Release|Any CPU.ActiveCfg = Release|Any CPU
		{34700E23-6CF5-4C69-BCC5-4876FB18BD88}.Release|Any CPU.Build.0 = Release|Any CPU
		{948BEE00-8B94-4107-92C8-148D0079E605}.Debug|Any CPU.ActiveCfg = Debug|Any CPU
		{948BEE00-8B94-4107-92C8-148D0079E605}.Debug|Any CPU.Build.0 = Debug|Any CPU
		{948BEE00-8B94-4107-92C8-148D0079E605}.Release|Any CPU.ActiveCfg = Release|Any CPU
		{948BEE00-8B94-4107-92C8-148D0079E605}.Release|Any CPU.Build.0 = Release|Any CPU
		{BE7083CC-FF36-49A0-BE99-F3B24E45841F}.Debug|Any CPU.ActiveCfg = Debug|Any CPU
		{BE7083CC-FF36-49A0-BE99-F3B24E45841F}.Debug|Any CPU.Build.0 = Debug|Any CPU
		{BE7083CC-FF36-49A0-BE99-F3B24E45841F}.Release|Any CPU.ActiveCfg = Release|Any CPU
		{BE7083CC-FF36-49A0-BE99-F3B24E45841F}.Release|Any CPU.Build.0 = Release|Any CPU
		{137099BE-2002-4F1F-8A8D-1FA82259896A}.Debug|Any CPU.ActiveCfg = Debug|Any CPU
		{137099BE-2002-4F1F-8A8D-1FA82259896A}.Debug|Any CPU.Build.0 = Debug|Any CPU
		{137099BE-2002-4F1F-8A8D-1FA82259896A}.Release|Any CPU.ActiveCfg = Release|Any CPU
		{137099BE-2002-4F1F-8A8D-1FA82259896A}.Release|Any CPU.Build.0 = Release|Any CPU
		{B28FE41E-01D9-44B4-8120-80F13944FE50}.Debug|Any CPU.ActiveCfg = Debug|Any CPU
		{B28FE41E-01D9-44B4-8120-80F13944FE50}.Debug|Any CPU.Build.0 = Debug|Any CPU
		{B28FE41E-01D9-44B4-8120-80F13944FE50}.Release|Any CPU.ActiveCfg = Release|Any CPU
		{B28FE41E-01D9-44B4-8120-80F13944FE50}.Release|Any CPU.Build.0 = Release|Any CPU
	EndGlobalSection
	GlobalSection(SolutionProperties) = preSolution
		HideSolutionNode = FALSE
	EndGlobalSection
	GlobalSection(ExtensibilityGlobals) = postSolution
		SolutionGuid = {1836EEA8-1044-4EDE-A68C-0A2AAEA8C7FF}
	EndGlobalSection
EndGlobal
